
Microsoft Visual Studio Solution File, Format Version 12.00
# Visual Studio Version 16
VisualStudioVersion = 16.0.29519.181
MinimumVisualStudioVersion = 10.0.40219.1
Project("{FAE04EC0-301F-11D3-BF4B-00C04F79EFBC}") = "Medis", "Medis.csproj", "{7D6FB83C-08C8-4563-AB37-BBDD36F0B12A}"
EndProject
Project("{FAE04EC0-301F-11D3-BF4B-00C04F79EFBC}") = "MedisStruktura", "..\MedisStruktura\MedisStruktura.csproj", "{33AAB964-6536-486E-9030-A94DD09521B7}"
EndProject
Global
	GlobalSection(SolutionConfigurationPlatforms) = preSolution
		Debug|Any CPU = Debug|Any CPU
		Release|Any CPU = Release|Any CPU
	EndGlobalSection
	GlobalSection(ProjectConfigurationPlatforms) = postSolution
		{7D6FB83C-08C8-4563-AB37-BBDD36F0B12A}.Debug|Any CPU.ActiveCfg = Debug|Any CPU
		{7D6FB83C-08C8-4563-AB37-BBDD36F0B12A}.Debug|Any CPU.Build.0 = Debug|Any CPU
		{7D6FB83C-08C8-4563-AB37-BBDD36F0B12A}.Release|Any CPU.ActiveCfg = Release|Any CPU
		{7D6FB83C-08C8-4563-AB37-BBDD36F0B12A}.Release|Any CPU.Build.0 = Release|Any CPU
		{33AAB964-6536-486E-9030-A94DD09521B7}.Debug|Any CPU.ActiveCfg = Debug|Any CPU
		{33AAB964-6536-486E-9030-A94DD09521B7}.Debug|Any CPU.Build.0 = Debug|Any CPU
		{33AAB964-6536-486E-9030-A94DD09521B7}.Release|Any CPU.ActiveCfg = Release|Any CPU
		{33AAB964-6536-486E-9030-A94DD09521B7}.Release|Any CPU.Build.0 = Release|Any CPU
	EndGlobalSection
	GlobalSection(SolutionProperties) = preSolution
		HideSolutionNode = FALSE
	EndGlobalSection
	GlobalSection(ExtensibilityGlobals) = postSolution
		SolutionGuid = {C183BCE3-9E0E-4241-9574-6D15A3F315FC}
	EndGlobalSection
EndGlobal
