
Microsoft Visual Studio Solution File, Format Version 12.00
# Visual Studio Version 16
VisualStudioVersion = 16.0.29519.181
MinimumVisualStudioVersion = 10.0.40219.1
Project("{FAE04EC0-301F-11D3-BF4B-00C04F79EFBC}") = "Medis", "Medis\Medis.csproj", "{D5C54FFF-F324-45B6-AFB9-D8D9F7207B77}"
EndProject
Global
	GlobalSection(SolutionConfigurationPlatforms) = preSolution
		Debug|Any CPU = Debug|Any CPU
		Release|Any CPU = Release|Any CPU
	EndGlobalSection
	GlobalSection(ProjectConfigurationPlatforms) = postSolution
		{D5C54FFF-F324-45B6-AFB9-D8D9F7207B77}.Debug|Any CPU.ActiveCfg = Debug|Any CPU
		{D5C54FFF-F324-45B6-AFB9-D8D9F7207B77}.Debug|Any CPU.Build.0 = Debug|Any CPU
		{D5C54FFF-F324-45B6-AFB9-D8D9F7207B77}.Release|Any CPU.ActiveCfg = Release|Any CPU
		{D5C54FFF-F324-45B6-AFB9-D8D9F7207B77}.Release|Any CPU.Build.0 = Release|Any CPU
	EndGlobalSection
	GlobalSection(SolutionProperties) = preSolution
		HideSolutionNode = FALSE
	EndGlobalSection
	GlobalSection(ExtensibilityGlobals) = postSolution
		SolutionGuid = {98980192-AE58-4A30-A04A-41BE34E32E81}
	EndGlobalSection
EndGlobal
